
Microsoft Visual Studio Solution File, Format Version 12.00
# Visual Studio Version 17
VisualStudioVersion = 17.5.33627.172
MinimumVisualStudioVersion = 10.0.40219.1
Project("{9A19103F-16F7-4668-BE54-9A1E7A4F7556}") = "VP.NET", "VP.NET\VP.NET.csproj", "{D6B80641-5634-454D-8E0F-E30619EBE208}"
EndProject
Project("{9A19103F-16F7-4668-BE54-9A1E7A4F7556}") = "IonKiwi.lz4", "IonKiwi.lz4\IonKiwi.lz4.csproj", "{4E7B7027-A86C-4598-B90F-9A40AAA4E8A3}"
EndProject
Project("{9A19103F-16F7-4668-BE54-9A1E7A4F7556}") = "VP.NET.Examples", "VP.NET.Examples\VP.NET.Examples.csproj", "{B04B5081-10C9-49F6-9BAE-BF88088DCB7E}"
EndProject
Project("{9A19103F-16F7-4668-BE54-9A1E7A4F7556}") = "VP.NET.GUI", "VP.NET.GUI\VP.NET.GUI.csproj", "{5AE7E257-96A4-4C9C-92D1-E270E9EED10A}"
EndProject
Global
	GlobalSection(SolutionConfigurationPlatforms) = preSolution
		Debug|Any CPU = Debug|Any CPU
		Release|Any CPU = Release|Any CPU
	EndGlobalSection
	GlobalSection(ProjectConfigurationPlatforms) = postSolution
		{D6B80641-5634-454D-8E0F-E30619EBE208}.Debug|Any CPU.ActiveCfg = Debug|Any CPU
		{D6B80641-5634-454D-8E0F-E30619EBE208}.Debug|Any CPU.Build.0 = Debug|Any CPU
		{D6B80641-5634-454D-8E0F-E30619EBE208}.Release|Any CPU.ActiveCfg = Release|Any CPU
		{D6B80641-5634-454D-8E0F-E30619EBE208}.Release|Any CPU.Build.0 = Release|Any CPU
		{4E7B7027-A86C-4598-B90F-9A40AAA4E8A3}.Debug|Any CPU.ActiveCfg = Debug|Any CPU
		{4E7B7027-A86C-4598-B90F-9A40AAA4E8A3}.Debug|Any CPU.Build.0 = Debug|Any CPU
		{4E7B7027-A86C-4598-B90F-9A40AAA4E8A3}.Release|Any CPU.ActiveCfg = Release|Any CPU
		{4E7B7027-A86C-4598-B90F-9A40AAA4E8A3}.Release|Any CPU.Build.0 = Release|Any CPU
		{B04B5081-10C9-49F6-9BAE-BF88088DCB7E}.Debug|Any CPU.ActiveCfg = Debug|Any CPU
		{B04B5081-10C9-49F6-9BAE-BF88088DCB7E}.Debug|Any CPU.Build.0 = Debug|Any CPU
		{B04B5081-10C9-49F6-9BAE-BF88088DCB7E}.Release|Any CPU.ActiveCfg = Release|Any CPU
		{B04B5081-10C9-49F6-9BAE-BF88088DCB7E}.Release|Any CPU.Build.0 = Release|Any CPU
		{5AE7E257-96A4-4C9C-92D1-E270E9EED10A}.Debug|Any CPU.ActiveCfg = Debug|Any CPU
		{5AE7E257-96A4-4C9C-92D1-E270E9EED10A}.Debug|Any CPU.Build.0 = Debug|Any CPU
		{5AE7E257-96A4-4C9C-92D1-E270E9EED10A}.Release|Any CPU.ActiveCfg = Release|Any CPU
		{5AE7E257-96A4-4C9C-92D1-E270E9EED10A}.Release|Any CPU.Build.0 = Release|Any CPU
	EndGlobalSection
	GlobalSection(SolutionProperties) = preSolution
		HideSolutionNode = FALSE
	EndGlobalSection
	GlobalSection(ExtensibilityGlobals) = postSolution
		SolutionGuid = {7AF097EA-59A2-4339-AB2A-31FF763A15AF}
	EndGlobalSection
EndGlobal
